
Microsoft Visual Studio Solution File, Format Version 12.00
# Visual Studio 15
VisualStudioVersion = 15.0.27703.2035
MinimumVisualStudioVersion = 10.0.40219.1
Project("{FAE04EC0-301F-11D3-BF4B-00C04F79EFBC}") = "01.FIAP.HelloWorld.Console.UI", "01.FIAP.HelloWorld.Console.UI\01.FIAP.HelloWorld.Console.UI.csproj", "{19378165-4207-444A-B0D4-898A147B0731}"
EndProject
Project("{FAE04EC0-301F-11D3-BF4B-00C04F79EFBC}") = "02.FIAP.HelloWorld.Exercicio", "02.FIAP.HelloWorld.Exercicio\02.FIAP.HelloWorld.Exercicio.csproj", "{386B6670-A29D-47D0-B720-E0BE66F48999}"
EndProject
Global
	GlobalSection(SolutionConfigurationPlatforms) = preSolution
		Debug|Any CPU = Debug|Any CPU
		Release|Any CPU = Release|Any CPU
	EndGlobalSection
	GlobalSection(ProjectConfigurationPlatforms) = postSolution
		{19378165-4207-444A-B0D4-898A147B0731}.Debug|Any CPU.ActiveCfg = Debug|Any CPU
		{19378165-4207-444A-B0D4-898A147B0731}.Debug|Any CPU.Build.0 = Debug|Any CPU
		{19378165-4207-444A-B0D4-898A147B0731}.Release|Any CPU.ActiveCfg = Release|Any CPU
		{19378165-4207-444A-B0D4-898A147B0731}.Release|Any CPU.Build.0 = Release|Any CPU
		{386B6670-A29D-47D0-B720-E0BE66F48999}.Debug|Any CPU.ActiveCfg = Debug|Any CPU
		{386B6670-A29D-47D0-B720-E0BE66F48999}.Debug|Any CPU.Build.0 = Debug|Any CPU
		{386B6670-A29D-47D0-B720-E0BE66F48999}.Release|Any CPU.ActiveCfg = Release|Any CPU
		{386B6670-A29D-47D0-B720-E0BE66F48999}.Release|Any CPU.Build.0 = Release|Any CPU
	EndGlobalSection
	GlobalSection(SolutionProperties) = preSolution
		HideSolutionNode = FALSE
	EndGlobalSection
	GlobalSection(ExtensibilityGlobals) = postSolution
		SolutionGuid = {7293423E-14E0-4AF9-BFE8-A132DFBD6E4B}
	EndGlobalSection
EndGlobal
